
Microsoft Visual Studio Solution File, Format Version 12.00
# Visual Studio Version 17
VisualStudioVersion = 17.3.32819.101
MinimumVisualStudioVersion = 10.0.40219.1
Project("{FAE04EC0-301F-11D3-BF4B-00C04F79EFBC}") = "UltraEmojiCombat", "UltraEmojiCombat\UltraEmojiCombat.csproj", "{599BEBAD-3B0A-49D6-AE05-7C846CB2EE2E}"
EndProject
Global
	GlobalSection(SolutionConfigurationPlatforms) = preSolution
		Debug|Any CPU = Debug|Any CPU
		Release|Any CPU = Release|Any CPU
	EndGlobalSection
	GlobalSection(ProjectConfigurationPlatforms) = postSolution
		{599BEBAD-3B0A-49D6-AE05-7C846CB2EE2E}.Debug|Any CPU.ActiveCfg = Debug|Any CPU
		{599BEBAD-3B0A-49D6-AE05-7C846CB2EE2E}.Debug|Any CPU.Build.0 = Debug|Any CPU
		{599BEBAD-3B0A-49D6-AE05-7C846CB2EE2E}.Release|Any CPU.ActiveCfg = Release|Any CPU
		{599BEBAD-3B0A-49D6-AE05-7C846CB2EE2E}.Release|Any CPU.Build.0 = Release|Any CPU
	EndGlobalSection
	GlobalSection(SolutionProperties) = preSolution
		HideSolutionNode = FALSE
	EndGlobalSection
	GlobalSection(ExtensibilityGlobals) = postSolution
		SolutionGuid = {F5DBBDF8-59B2-4D41-9E24-2F4BF638ACE9}
	EndGlobalSection
EndGlobal
